// !$*UTF8*$!
{
	archiveVersion = 1;
	classes = {
	};
	objectVersion = 55;
	objects = {

/* Begin PBXBuildFile section */
		06E44988C5FEF6A23C86E39D /* Pods_EveryoneTests.framework in Frameworks */ = {isa = PBXBuildFile; fileRef = AA82759BDDCE51FA29AF0832 /* Pods_EveryoneTests.framework */; };
		4014863328DE1A4C0043A95C /* LoginView.swift in Sources */ = {isa = PBXBuildFile; fileRef = 4014863228DE1A4C0043A95C /* LoginView.swift */; };
		4030B10928DB664800055372 /* WebHandler.swift in Sources */ = {isa = PBXBuildFile; fileRef = 4030B10828DB664800055372 /* WebHandler.swift */; };
		4030B10B28DD062900055372 /* Keys.swift in Sources */ = {isa = PBXBuildFile; fileRef = 4030B10A28DD062900055372 /* Keys.swift */; };
		40AA9FD528D8AA96005F1263 /* EveryoneApp.swift in Sources */ = {isa = PBXBuildFile; fileRef = 40AA9FD428D8AA96005F1263 /* EveryoneApp.swift */; };
		40AA9FD728D8AA96005F1263 /* ContentView.swift in Sources */ = {isa = PBXBuildFile; fileRef = 40AA9FD628D8AA96005F1263 /* ContentView.swift */; };
		40AA9FD928D8AA9A005F1263 /* Assets.xcassets in Resources */ = {isa = PBXBuildFile; fileRef = 40AA9FD828D8AA9A005F1263 /* Assets.xcassets */; };
		40AA9FDC28D8AA9A005F1263 /* Preview Assets.xcassets in Resources */ = {isa = PBXBuildFile; fileRef = 40AA9FDB28D8AA9A005F1263 /* Preview Assets.xcassets */; };
		40AA9FDE28D8AA9A005F1263 /* Persistence.swift in Sources */ = {isa = PBXBuildFile; fileRef = 40AA9FDD28D8AA9A005F1263 /* Persistence.swift */; };
		40AA9FE128D8AA9A005F1263 /* Everyone.xcdatamodeld in Sources */ = {isa = PBXBuildFile; fileRef = 40AA9FDF28D8AA9A005F1263 /* Everyone.xcdatamodeld */; };
		40AA9FEB28D8AA9A005F1263 /* EveryoneTests.swift in Sources */ = {isa = PBXBuildFile; fileRef = 40AA9FEA28D8AA9A005F1263 /* EveryoneTests.swift */; };
		40AA9FF528D8AA9A005F1263 /* EveryoneUITests.swift in Sources */ = {isa = PBXBuildFile; fileRef = 40AA9FF428D8AA9A005F1263 /* EveryoneUITests.swift */; };
		40AA9FF728D8AA9A005F1263 /* EveryoneUITestsLaunchTests.swift in Sources */ = {isa = PBXBuildFile; fileRef = 40AA9FF628D8AA9A005F1263 /* EveryoneUITestsLaunchTests.swift */; };
		40AAA00528D8ADF9005F1263 /* Employee.swift in Sources */ = {isa = PBXBuildFile; fileRef = 40AAA00428D8ADF9005F1263 /* Employee.swift */; };
		40AAA00728D8AFE5005F1263 /* Employer.swift in Sources */ = {isa = PBXBuildFile; fileRef = 40AAA00628D8AFE5005F1263 /* Employer.swift */; };
		40AAA00928D8B2BA005F1263 /* Pod.swift in Sources */ = {isa = PBXBuildFile; fileRef = 40AAA00828D8B2BA005F1263 /* Pod.swift */; };
		40AAA00B28D8B8A4005F1263 /* EmployeeForm.swift in Sources */ = {isa = PBXBuildFile; fileRef = 40AAA00A28D8B8A4005F1263 /* EmployeeForm.swift */; };
		4417EDA2490B69A639602976 /* Pods_Everyone_EveryoneUITests.framework in Frameworks */ = {isa = PBXBuildFile; fileRef = B30925869F428C2CDE0D3252 /* Pods_Everyone_EveryoneUITests.framework */; };
		621FD3C61C8E00AA997BDE2B /* Pods_Everyone.framework in Frameworks */ = {isa = PBXBuildFile; fileRef = 0A5E588E95A01079CB8986FF /* Pods_Everyone.framework */; };
/* End PBXBuildFile section */

/* Begin PBXContainerItemProxy section */
		40AA9FE728D8AA9A005F1263 /* PBXContainerItemProxy */ = {
			isa = PBXContainerItemProxy;
			containerPortal = 40AA9FC928D8AA96005F1263 /* Project object */;
			proxyType = 1;
			remoteGlobalIDString = 40AA9FD028D8AA96005F1263;
			remoteInfo = Everyone;
		};
		40AA9FF128D8AA9A005F1263 /* PBXContainerItemProxy */ = {
			isa = PBXContainerItemProxy;
			containerPortal = 40AA9FC928D8AA96005F1263 /* Project object */;
			proxyType = 1;
			remoteGlobalIDString = 40AA9FD028D8AA96005F1263;
			remoteInfo = Everyone;
		};
/* End PBXContainerItemProxy section */

/* Begin PBXFileReference section */
		0A5E588E95A01079CB8986FF /* Pods_Everyone.framework */ = {isa = PBXFileReference; explicitFileType = wrapper.framework; includeInIndex = 0; path = Pods_Everyone.framework; sourceTree = BUILT_PRODUCTS_DIR; };
		17EA80DB946406E6669E4564 /* Pods-EveryoneTests.release.xcconfig */ = {isa = PBXFileReference; includeInIndex = 1; lastKnownFileType = text.xcconfig; name = "Pods-EveryoneTests.release.xcconfig"; path = "Target Support Files/Pods-EveryoneTests/Pods-EveryoneTests.release.xcconfig"; sourceTree = "<group>"; };
		1AF9884F57435B109ECEF70F /* Pods-Everyone-EveryoneUITests.debug.xcconfig */ = {isa = PBXFileReference; includeInIndex = 1; lastKnownFileType = text.xcconfig; name = "Pods-Everyone-EveryoneUITests.debug.xcconfig"; path = "Target Support Files/Pods-Everyone-EveryoneUITests/Pods-Everyone-EveryoneUITests.debug.xcconfig"; sourceTree = "<group>"; };
		4014863228DE1A4C0043A95C /* LoginView.swift */ = {isa = PBXFileReference; lastKnownFileType = sourcecode.swift; path = LoginView.swift; sourceTree = "<group>"; };
		4030B10828DB664800055372 /* WebHandler.swift */ = {isa = PBXFileReference; lastKnownFileType = sourcecode.swift; path = WebHandler.swift; sourceTree = "<group>"; };
		4030B10A28DD062900055372 /* Keys.swift */ = {isa = PBXFileReference; lastKnownFileType = sourcecode.swift; path = Keys.swift; sourceTree = "<group>"; };
		40AA9FD128D8AA96005F1263 /* Everyone.app */ = {isa = PBXFileReference; explicitFileType = wrapper.application; includeInIndex = 0; path = Everyone.app; sourceTree = BUILT_PRODUCTS_DIR; };
		40AA9FD428D8AA96005F1263 /* EveryoneApp.swift */ = {isa = PBXFileReference; lastKnownFileType = sourcecode.swift; path = EveryoneApp.swift; sourceTree = "<group>"; };
		40AA9FD628D8AA96005F1263 /* ContentView.swift */ = {isa = PBXFileReference; lastKnownFileType = sourcecode.swift; path = ContentView.swift; sourceTree = "<group>"; };
		40AA9FD828D8AA9A005F1263 /* Assets.xcassets */ = {isa = PBXFileReference; lastKnownFileType = folder.assetcatalog; path = Assets.xcassets; sourceTree = "<group>"; };
		40AA9FDB28D8AA9A005F1263 /* Preview Assets.xcassets */ = {isa = PBXFileReference; lastKnownFileType = folder.assetcatalog; path = "Preview Assets.xcassets"; sourceTree = "<group>"; };
		40AA9FDD28D8AA9A005F1263 /* Persistence.swift */ = {isa = PBXFileReference; lastKnownFileType = sourcecode.swift; path = Persistence.swift; sourceTree = "<group>"; };
		40AA9FE028D8AA9A005F1263 /* Everyone.xcdatamodel */ = {isa = PBXFileReference; lastKnownFileType = wrapper.xcdatamodel; path = Everyone.xcdatamodel; sourceTree = "<group>"; };
		40AA9FE628D8AA9A005F1263 /* EveryoneTests.xctest */ = {isa = PBXFileReference; explicitFileType = wrapper.cfbundle; includeInIndex = 0; path = EveryoneTests.xctest; sourceTree = BUILT_PRODUCTS_DIR; };
		40AA9FEA28D8AA9A005F1263 /* EveryoneTests.swift */ = {isa = PBXFileReference; lastKnownFileType = sourcecode.swift; path = EveryoneTests.swift; sourceTree = "<group>"; };
		40AA9FF028D8AA9A005F1263 /* EveryoneUITests.xctest */ = {isa = PBXFileReference; explicitFileType = wrapper.cfbundle; includeInIndex = 0; path = EveryoneUITests.xctest; sourceTree = BUILT_PRODUCTS_DIR; };
		40AA9FF428D8AA9A005F1263 /* EveryoneUITests.swift */ = {isa = PBXFileReference; lastKnownFileType = sourcecode.swift; path = EveryoneUITests.swift; sourceTree = "<group>"; };
		40AA9FF628D8AA9A005F1263 /* EveryoneUITestsLaunchTests.swift */ = {isa = PBXFileReference; lastKnownFileType = sourcecode.swift; path = EveryoneUITestsLaunchTests.swift; sourceTree = "<group>"; };
		40AAA00428D8ADF9005F1263 /* Employee.swift */ = {isa = PBXFileReference; lastKnownFileType = sourcecode.swift; path = Employee.swift; sourceTree = "<group>"; };
		40AAA00628D8AFE5005F1263 /* Employer.swift */ = {isa = PBXFileReference; lastKnownFileType = sourcecode.swift; path = Employer.swift; sourceTree = "<group>"; };
		40AAA00828D8B2BA005F1263 /* Pod.swift */ = {isa = PBXFileReference; lastKnownFileType = sourcecode.swift; path = Pod.swift; sourceTree = "<group>"; };
		40AAA00A28D8B8A4005F1263 /* EmployeeForm.swift */ = {isa = PBXFileReference; lastKnownFileType = sourcecode.swift; path = EmployeeForm.swift; sourceTree = "<group>"; };
		72041B3C08C99B554435215D /* Pods-Everyone.debug.xcconfig */ = {isa = PBXFileReference; includeInIndex = 1; lastKnownFileType = text.xcconfig; name = "Pods-Everyone.debug.xcconfig"; path = "Target Support Files/Pods-Everyone/Pods-Everyone.debug.xcconfig"; sourceTree = "<group>"; };
		80D13B1AB587BAEC8BD4C5E2 /* Pods-EveryoneTests.debug.xcconfig */ = {isa = PBXFileReference; includeInIndex = 1; lastKnownFileType = text.xcconfig; name = "Pods-EveryoneTests.debug.xcconfig"; path = "Target Support Files/Pods-EveryoneTests/Pods-EveryoneTests.debug.xcconfig"; sourceTree = "<group>"; };
		AA82759BDDCE51FA29AF0832 /* Pods_EveryoneTests.framework */ = {isa = PBXFileReference; explicitFileType = wrapper.framework; includeInIndex = 0; path = Pods_EveryoneTests.framework; sourceTree = BUILT_PRODUCTS_DIR; };
		B30925869F428C2CDE0D3252 /* Pods_Everyone_EveryoneUITests.framework */ = {isa = PBXFileReference; explicitFileType = wrapper.framework; includeInIndex = 0; path = Pods_Everyone_EveryoneUITests.framework; sourceTree = BUILT_PRODUCTS_DIR; };
		BB6CBB3352902249DD0A7C12 /* Pods-Everyone-EveryoneUITests.release.xcconfig */ = {isa = PBXFileReference; includeInIndex = 1; lastKnownFileType = text.xcconfig; name = "Pods-Everyone-EveryoneUITests.release.xcconfig"; path = "Target Support Files/Pods-Everyone-EveryoneUITests/Pods-Everyone-EveryoneUITests.release.xcconfig"; sourceTree = "<group>"; };
		C4A84D95027E71BED75D37D2 /* Pods-Everyone.release.xcconfig */ = {isa = PBXFileReference; includeInIndex = 1; lastKnownFileType = text.xcconfig; name = "Pods-Everyone.release.xcconfig"; path = "Target Support Files/Pods-Everyone/Pods-Everyone.release.xcconfig"; sourceTree = "<group>"; };
/* End PBXFileReference section */

/* Begin PBXFrameworksBuildPhase section */
		40AA9FCE28D8AA96005F1263 /* Frameworks */ = {
			isa = PBXFrameworksBuildPhase;
			buildActionMask = 2147483647;
			files = (
				621FD3C61C8E00AA997BDE2B /* Pods_Everyone.framework in Frameworks */,
			);
			runOnlyForDeploymentPostprocessing = 0;
		};
		40AA9FE328D8AA9A005F1263 /* Frameworks */ = {
			isa = PBXFrameworksBuildPhase;
			buildActionMask = 2147483647;
			files = (
				06E44988C5FEF6A23C86E39D /* Pods_EveryoneTests.framework in Frameworks */,
			);
			runOnlyForDeploymentPostprocessing = 0;
		};
		40AA9FED28D8AA9A005F1263 /* Frameworks */ = {
			isa = PBXFrameworksBuildPhase;
			buildActionMask = 2147483647;
			files = (
				4417EDA2490B69A639602976 /* Pods_Everyone_EveryoneUITests.framework in Frameworks */,
			);
			runOnlyForDeploymentPostprocessing = 0;
		};
/* End PBXFrameworksBuildPhase section */

/* Begin PBXGroup section */
		286B2056492E8854F149ACE4 /* Pods */ = {
			isa = PBXGroup;
			children = (
				72041B3C08C99B554435215D /* Pods-Everyone.debug.xcconfig */,
				C4A84D95027E71BED75D37D2 /* Pods-Everyone.release.xcconfig */,
				1AF9884F57435B109ECEF70F /* Pods-Everyone-EveryoneUITests.debug.xcconfig */,
				BB6CBB3352902249DD0A7C12 /* Pods-Everyone-EveryoneUITests.release.xcconfig */,
				80D13B1AB587BAEC8BD4C5E2 /* Pods-EveryoneTests.debug.xcconfig */,
				17EA80DB946406E6669E4564 /* Pods-EveryoneTests.release.xcconfig */,
			);
			path = Pods;
			sourceTree = "<group>";
		};
		40AA9FC828D8AA96005F1263 = {
			isa = PBXGroup;
			children = (
				40AA9FD328D8AA96005F1263 /* Everyone */,
				40AA9FE928D8AA9A005F1263 /* EveryoneTests */,
				40AA9FF328D8AA9A005F1263 /* EveryoneUITests */,
				40AA9FD228D8AA96005F1263 /* Products */,
				286B2056492E8854F149ACE4 /* Pods */,
				C3F86AC65FC04B46C8B373B2 /* Frameworks */,
			);
			sourceTree = "<group>";
		};
		40AA9FD228D8AA96005F1263 /* Products */ = {
			isa = PBXGroup;
			children = (
				40AA9FD128D8AA96005F1263 /* Everyone.app */,
				40AA9FE628D8AA9A005F1263 /* EveryoneTests.xctest */,
				40AA9FF028D8AA9A005F1263 /* EveryoneUITests.xctest */,
			);
			name = Products;
			sourceTree = "<group>";
		};
		40AA9FD328D8AA96005F1263 /* Everyone */ = {
			isa = PBXGroup;
			children = (
				40AA9FD428D8AA96005F1263 /* EveryoneApp.swift */,
				40AAA00328D8AAC5005F1263 /* Models */,
				40AAA00C28D8B9F1005F1263 /* Views */,
				40AA9FD828D8AA9A005F1263 /* Assets.xcassets */,
				40AA9FDD28D8AA9A005F1263 /* Persistence.swift */,
				40AA9FDF28D8AA9A005F1263 /* Everyone.xcdatamodeld */,
				40AA9FDA28D8AA9A005F1263 /* Preview Content */,
			);
			path = Everyone;
			sourceTree = "<group>";
		};
		40AA9FDA28D8AA9A005F1263 /* Preview Content */ = {
			isa = PBXGroup;
			children = (
				40AA9FDB28D8AA9A005F1263 /* Preview Assets.xcassets */,
			);
			path = "Preview Content";
			sourceTree = "<group>";
		};
		40AA9FE928D8AA9A005F1263 /* EveryoneTests */ = {
			isa = PBXGroup;
			children = (
				40AA9FEA28D8AA9A005F1263 /* EveryoneTests.swift */,
			);
			path = EveryoneTests;
			sourceTree = "<group>";
		};
		40AA9FF328D8AA9A005F1263 /* EveryoneUITests */ = {
			isa = PBXGroup;
			children = (
				40AA9FF428D8AA9A005F1263 /* EveryoneUITests.swift */,
				40AA9FF628D8AA9A005F1263 /* EveryoneUITestsLaunchTests.swift */,
			);
			path = EveryoneUITests;
			sourceTree = "<group>";
		};
		40AAA00328D8AAC5005F1263 /* Models */ = {
			isa = PBXGroup;
			children = (
				40AAA00428D8ADF9005F1263 /* Employee.swift */,
				4030B10A28DD062900055372 /* Keys.swift */,
				40AAA00628D8AFE5005F1263 /* Employer.swift */,
				40AAA00828D8B2BA005F1263 /* Pod.swift */,
				4030B10828DB664800055372 /* WebHandler.swift */,
			);
			path = Models;
			sourceTree = "<group>";
		};
		40AAA00C28D8B9F1005F1263 /* Views */ = {
			isa = PBXGroup;
			children = (
				40AA9FD628D8AA96005F1263 /* ContentView.swift */,
				40AAA00A28D8B8A4005F1263 /* EmployeeForm.swift */,
				4014863228DE1A4C0043A95C /* LoginView.swift */,
			);
			path = Views;
			sourceTree = "<group>";
		};
		C3F86AC65FC04B46C8B373B2 /* Frameworks */ = {
			isa = PBXGroup;
			children = (
				0A5E588E95A01079CB8986FF /* Pods_Everyone.framework */,
				B30925869F428C2CDE0D3252 /* Pods_Everyone_EveryoneUITests.framework */,
				AA82759BDDCE51FA29AF0832 /* Pods_EveryoneTests.framework */,
			);
			name = Frameworks;
			sourceTree = "<group>";
		};
/* End PBXGroup section */

/* Begin PBXNativeTarget section */
		40AA9FD028D8AA96005F1263 /* Everyone */ = {
			isa = PBXNativeTarget;
			buildConfigurationList = 40AA9FFA28D8AA9A005F1263 /* Build configuration list for PBXNativeTarget "Everyone" */;
			buildPhases = (
				8BDE95CDF8CC0EB958C79E4D /* [CP] Check Pods Manifest.lock */,
				40AA9FCD28D8AA96005F1263 /* Sources */,
				40AA9FCE28D8AA96005F1263 /* Frameworks */,
				40AA9FCF28D8AA96005F1263 /* Resources */,
				10A2724ADCC3E0438B654C2C /* [CP] Embed Pods Frameworks */,
			);
			buildRules = (
			);
			dependencies = (
			);
			name = Everyone;
			productName = Everyone;
			productReference = 40AA9FD128D8AA96005F1263 /* Everyone.app */;
			productType = "com.apple.product-type.application";
		};
		40AA9FE528D8AA9A005F1263 /* EveryoneTests */ = {
			isa = PBXNativeTarget;
			buildConfigurationList = 40AA9FFD28D8AA9A005F1263 /* Build configuration list for PBXNativeTarget "EveryoneTests" */;
			buildPhases = (
				A09F570D5B311EF75AF380D9 /* [CP] Check Pods Manifest.lock */,
				40AA9FE228D8AA9A005F1263 /* Sources */,
				40AA9FE328D8AA9A005F1263 /* Frameworks */,
				40AA9FE428D8AA9A005F1263 /* Resources */,
			);
			buildRules = (
			);
			dependencies = (
				40AA9FE828D8AA9A005F1263 /* PBXTargetDependency */,
			);
			name = EveryoneTests;
			productName = EveryoneTests;
			productReference = 40AA9FE628D8AA9A005F1263 /* EveryoneTests.xctest */;
			productType = "com.apple.product-type.bundle.unit-test";
		};
		40AA9FEF28D8AA9A005F1263 /* EveryoneUITests */ = {
			isa = PBXNativeTarget;
			buildConfigurationList = 40AAA00028D8AA9A005F1263 /* Build configuration list for PBXNativeTarget "EveryoneUITests" */;
			buildPhases = (
				6E4A037C09FB79E5B9121AE2 /* [CP] Check Pods Manifest.lock */,
				40AA9FEC28D8AA9A005F1263 /* Sources */,
				40AA9FED28D8AA9A005F1263 /* Frameworks */,
				40AA9FEE28D8AA9A005F1263 /* Resources */,
				035399F2F75F7DD07F866962 /* [CP] Embed Pods Frameworks */,
			);
			buildRules = (
			);
			dependencies = (
				40AA9FF228D8AA9A005F1263 /* PBXTargetDependency */,
			);
			name = EveryoneUITests;
			productName = EveryoneUITests;
			productReference = 40AA9FF028D8AA9A005F1263 /* EveryoneUITests.xctest */;
			productType = "com.apple.product-type.bundle.ui-testing";
		};
/* End PBXNativeTarget section */

/* Begin PBXProject section */
		40AA9FC928D8AA96005F1263 /* Project object */ = {
			isa = PBXProject;
			attributes = {
				BuildIndependentTargetsInParallel = 1;
				LastSwiftUpdateCheck = 1340;
				LastUpgradeCheck = 1340;
				TargetAttributes = {
					40AA9FD028D8AA96005F1263 = {
						CreatedOnToolsVersion = 13.4.1;
					};
					40AA9FE528D8AA9A005F1263 = {
						CreatedOnToolsVersion = 13.4.1;
						TestTargetID = 40AA9FD028D8AA96005F1263;
					};
					40AA9FEF28D8AA9A005F1263 = {
						CreatedOnToolsVersion = 13.4.1;
						TestTargetID = 40AA9FD028D8AA96005F1263;
					};
				};
			};
			buildConfigurationList = 40AA9FCC28D8AA96005F1263 /* Build configuration list for PBXProject "Everyone" */;
			compatibilityVersion = "Xcode 13.0";
			developmentRegion = en;
			hasScannedForEncodings = 0;
			knownRegions = (
				en,
				Base,
			);
			mainGroup = 40AA9FC828D8AA96005F1263;
			productRefGroup = 40AA9FD228D8AA96005F1263 /* Products */;
			projectDirPath = "";
			projectRoot = "";
			targets = (
				40AA9FD028D8AA96005F1263 /* Everyone */,
				40AA9FE528D8AA9A005F1263 /* EveryoneTests */,
				40AA9FEF28D8AA9A005F1263 /* EveryoneUITests */,
			);
		};
/* End PBXProject section */

/* Begin PBXResourcesBuildPhase section */
		40AA9FCF28D8AA96005F1263 /* Resources */ = {
			isa = PBXResourcesBuildPhase;
			buildActionMask = 2147483647;
			files = (
				40AA9FDC28D8AA9A005F1263 /* Preview Assets.xcassets in Resources */,
				40AA9FD928D8AA9A005F1263 /* Assets.xcassets in Resources */,
			);
			runOnlyForDeploymentPostprocessing = 0;
		};
		40AA9FE428D8AA9A005F1263 /* Resources */ = {
			isa = PBXResourcesBuildPhase;
			buildActionMask = 2147483647;
			files = (
			);
			runOnlyForDeploymentPostprocessing = 0;
		};
		40AA9FEE28D8AA9A005F1263 /* Resources */ = {
			isa = PBXResourcesBuildPhase;
			buildActionMask = 2147483647;
			files = (
			);
			runOnlyForDeploymentPostprocessing = 0;
		};
/* End PBXResourcesBuildPhase section */

/* Begin PBXShellScriptBuildPhase section */
		035399F2F75F7DD07F866962 /* [CP] Embed Pods Frameworks */ = {
			isa = PBXShellScriptBuildPhase;
			buildActionMask = 2147483647;
			files = (
			);
			inputFileListPaths = (
				"${PODS_ROOT}/Target Support Files/Pods-Everyone-EveryoneUITests/Pods-Everyone-EveryoneUITests-frameworks-${CONFIGURATION}-input-files.xcfilelist",
			);
			name = "[CP] Embed Pods Frameworks";
			outputFileListPaths = (
				"${PODS_ROOT}/Target Support Files/Pods-Everyone-EveryoneUITests/Pods-Everyone-EveryoneUITests-frameworks-${CONFIGURATION}-output-files.xcfilelist",
			);
			runOnlyForDeploymentPostprocessing = 0;
			shellPath = /bin/sh;
			shellScript = "\"${PODS_ROOT}/Target Support Files/Pods-Everyone-EveryoneUITests/Pods-Everyone-EveryoneUITests-frameworks.sh\"\n";
			showEnvVarsInLog = 0;
		};
		10A2724ADCC3E0438B654C2C /* [CP] Embed Pods Frameworks */ = {
			isa = PBXShellScriptBuildPhase;
			buildActionMask = 2147483647;
			files = (
			);
			inputFileListPaths = (
				"${PODS_ROOT}/Target Support Files/Pods-Everyone/Pods-Everyone-frameworks-${CONFIGURATION}-input-files.xcfilelist",
			);
			name = "[CP] Embed Pods Frameworks";
			outputFileListPaths = (
				"${PODS_ROOT}/Target Support Files/Pods-Everyone/Pods-Everyone-frameworks-${CONFIGURATION}-output-files.xcfilelist",
			);
			runOnlyForDeploymentPostprocessing = 0;
			shellPath = /bin/sh;
			shellScript = "\"${PODS_ROOT}/Target Support Files/Pods-Everyone/Pods-Everyone-frameworks.sh\"\n";
			showEnvVarsInLog = 0;
		};
		6E4A037C09FB79E5B9121AE2 /* [CP] Check Pods Manifest.lock */ = {
			isa = PBXShellScriptBuildPhase;
			buildActionMask = 2147483647;
			files = (
			);
			inputFileListPaths = (
			);
			inputPaths = (
				"${PODS_PODFILE_DIR_PATH}/Podfile.lock",
				"${PODS_ROOT}/Manifest.lock",
			);
			name = "[CP] Check Pods Manifest.lock";
			outputFileListPaths = (
			);
			outputPaths = (
				"$(DERIVED_FILE_DIR)/Pods-Everyone-EveryoneUITests-checkManifestLockResult.txt",
			);
			runOnlyForDeploymentPostprocessing = 0;
			shellPath = /bin/sh;
			shellScript = "diff \"${PODS_PODFILE_DIR_PATH}/Podfile.lock\" \"${PODS_ROOT}/Manifest.lock\" > /dev/null\nif [ $? != 0 ] ; then\n    # print error to STDERR\n    echo \"error: The sandbox is not in sync with the Podfile.lock. Run 'pod install' or update your CocoaPods installation.\" >&2\n    exit 1\nfi\n# This output is used by Xcode 'outputs' to avoid re-running this script phase.\necho \"SUCCESS\" > \"${SCRIPT_OUTPUT_FILE_0}\"\n";
			showEnvVarsInLog = 0;
		};
		8BDE95CDF8CC0EB958C79E4D /* [CP] Check Pods Manifest.lock */ = {
			isa = PBXShellScriptBuildPhase;
			buildActionMask = 2147483647;
			files = (
			);
			inputFileListPaths = (
			);
			inputPaths = (
				"${PODS_PODFILE_DIR_PATH}/Podfile.lock",
				"${PODS_ROOT}/Manifest.lock",
			);
			name = "[CP] Check Pods Manifest.lock";
			outputFileListPaths = (
			);
			outputPaths = (
				"$(DERIVED_FILE_DIR)/Pods-Everyone-checkManifestLockResult.txt",
			);
			runOnlyForDeploymentPostprocessing = 0;
			shellPath = /bin/sh;
			shellScript = "diff \"${PODS_PODFILE_DIR_PATH}/Podfile.lock\" \"${PODS_ROOT}/Manifest.lock\" > /dev/null\nif [ $? != 0 ] ; then\n    # print error to STDERR\n    echo \"error: The sandbox is not in sync with the Podfile.lock. Run 'pod install' or update your CocoaPods installation.\" >&2\n    exit 1\nfi\n# This output is used by Xcode 'outputs' to avoid re-running this script phase.\necho \"SUCCESS\" > \"${SCRIPT_OUTPUT_FILE_0}\"\n";
			showEnvVarsInLog = 0;
		};
		A09F570D5B311EF75AF380D9 /* [CP] Check Pods Manifest.lock */ = {
			isa = PBXShellScriptBuildPhase;
			buildActionMask = 2147483647;
			files = (
			);
			inputFileListPaths = (
			);
			inputPaths = (
				"${PODS_PODFILE_DIR_PATH}/Podfile.lock",
				"${PODS_ROOT}/Manifest.lock",
			);
			name = "[CP] Check Pods Manifest.lock";
			outputFileListPaths = (
			);
			outputPaths = (
				"$(DERIVED_FILE_DIR)/Pods-EveryoneTests-checkManifestLockResult.txt",
			);
			runOnlyForDeploymentPostprocessing = 0;
			shellPath = /bin/sh;
			shellScript = "diff \"${PODS_PODFILE_DIR_PATH}/Podfile.lock\" \"${PODS_ROOT}/Manifest.lock\" > /dev/null\nif [ $? != 0 ] ; then\n    # print error to STDERR\n    echo \"error: The sandbox is not in sync with the Podfile.lock. Run 'pod install' or update your CocoaPods installation.\" >&2\n    exit 1\nfi\n# This output is used by Xcode 'outputs' to avoid re-running this script phase.\necho \"SUCCESS\" > \"${SCRIPT_OUTPUT_FILE_0}\"\n";
			showEnvVarsInLog = 0;
		};
/* End PBXShellScriptBuildPhase section */

/* Begin PBXSourcesBuildPhase section */
		40AA9FCD28D8AA96005F1263 /* Sources */ = {
			isa = PBXSourcesBuildPhase;
			buildActionMask = 2147483647;
			files = (
				40AA9FDE28D8AA9A005F1263 /* Persistence.swift in Sources */,
				40AAA00B28D8B8A4005F1263 /* EmployeeForm.swift in Sources */,
				40AA9FD728D8AA96005F1263 /* ContentView.swift in Sources */,
				40AAA00928D8B2BA005F1263 /* Pod.swift in Sources */,
				40AA9FE128D8AA9A005F1263 /* Everyone.xcdatamodeld in Sources */,
				40AAA00528D8ADF9005F1263 /* Employee.swift in Sources */,
				40AAA00728D8AFE5005F1263 /* Employer.swift in Sources */,
				40AA9FD528D8AA96005F1263 /* EveryoneApp.swift in Sources */,
				4014863328DE1A4C0043A95C /* LoginView.swift in Sources */,
				4030B10928DB664800055372 /* WebHandler.swift in Sources */,
				4030B10B28DD062900055372 /* Keys.swift in Sources */,
			);
			runOnlyForDeploymentPostprocessing = 0;
		};
		40AA9FE228D8AA9A005F1263 /* Sources */ = {
			isa = PBXSourcesBuildPhase;
			buildActionMask = 2147483647;
			files = (
				40AA9FEB28D8AA9A005F1263 /* EveryoneTests.swift in Sources */,
			);
			runOnlyForDeploymentPostprocessing = 0;
		};
		40AA9FEC28D8AA9A005F1263 /* Sources */ = {
			isa = PBXSourcesBuildPhase;
			buildActionMask = 2147483647;
			files = (
				40AA9FF728D8AA9A005F1263 /* EveryoneUITestsLaunchTests.swift in Sources */,
				40AA9FF528D8AA9A005F1263 /* EveryoneUITests.swift in Sources */,
			);
			runOnlyForDeploymentPostprocessing = 0;
		};
/* End PBXSourcesBuildPhase section */

/* Begin PBXTargetDependency section */
		40AA9FE828D8AA9A005F1263 /* PBXTargetDependency */ = {
			isa = PBXTargetDependency;
			target = 40AA9FD028D8AA96005F1263 /* Everyone */;
			targetProxy = 40AA9FE728D8AA9A005F1263 /* PBXContainerItemProxy */;
		};
		40AA9FF228D8AA9A005F1263 /* PBXTargetDependency */ = {
			isa = PBXTargetDependency;
			target = 40AA9FD028D8AA96005F1263 /* Everyone */;
			targetProxy = 40AA9FF128D8AA9A005F1263 /* PBXContainerItemProxy */;
		};
/* End PBXTargetDependency section */

/* Begin XCBuildConfiguration section */
		40AA9FF828D8AA9A005F1263 /* Debug */ = {
			isa = XCBuildConfiguration;
			buildSettings = {
				ALWAYS_SEARCH_USER_PATHS = NO;
				CLANG_ANALYZER_NONNULL = YES;
				CLANG_ANALYZER_NUMBER_OBJECT_CONVERSION = YES_AGGRESSIVE;
				CLANG_CXX_LANGUAGE_STANDARD = "gnu++17";
				CLANG_ENABLE_MODULES = YES;
				CLANG_ENABLE_OBJC_ARC = YES;
				CLANG_ENABLE_OBJC_WEAK = YES;
				CLANG_WARN_BLOCK_CAPTURE_AUTORELEASING = YES;
				CLANG_WARN_BOOL_CONVERSION = YES;
				CLANG_WARN_COMMA = YES;
				CLANG_WARN_CONSTANT_CONVERSION = YES;
				CLANG_WARN_DEPRECATED_OBJC_IMPLEMENTATIONS = YES;
				CLANG_WARN_DIRECT_OBJC_ISA_USAGE = YES_ERROR;
				CLANG_WARN_DOCUMENTATION_COMMENTS = YES;
				CLANG_WARN_EMPTY_BODY = YES;
				CLANG_WARN_ENUM_CONVERSION = YES;
				CLANG_WARN_INFINITE_RECURSION = YES;
				CLANG_WARN_INT_CONVERSION = YES;
				CLANG_WARN_NON_LITERAL_NULL_CONVERSION = YES;
				CLANG_WARN_OBJC_IMPLICIT_RETAIN_SELF = YES;
				CLANG_WARN_OBJC_LITERAL_CONVERSION = YES;
				CLANG_WARN_OBJC_ROOT_CLASS = YES_ERROR;
				CLANG_WARN_QUOTED_INCLUDE_IN_FRAMEWORK_HEADER = YES;
				CLANG_WARN_RANGE_LOOP_ANALYSIS = YES;
				CLANG_WARN_STRICT_PROTOTYPES = YES;
				CLANG_WARN_SUSPICIOUS_MOVE = YES;
				CLANG_WARN_UNGUARDED_AVAILABILITY = YES_AGGRESSIVE;
				CLANG_WARN_UNREACHABLE_CODE = YES;
				CLANG_WARN__DUPLICATE_METHOD_MATCH = YES;
				COPY_PHASE_STRIP = NO;
				DEBUG_INFORMATION_FORMAT = dwarf;
				ENABLE_STRICT_OBJC_MSGSEND = YES;
				ENABLE_TESTABILITY = YES;
				GCC_C_LANGUAGE_STANDARD = gnu11;
				GCC_DYNAMIC_NO_PIC = NO;
				GCC_NO_COMMON_BLOCKS = YES;
				GCC_OPTIMIZATION_LEVEL = 0;
				GCC_PREPROCESSOR_DEFINITIONS = (
					"DEBUG=1",
					"$(inherited)",
				);
				GCC_WARN_64_TO_32_BIT_CONVERSION = YES;
				GCC_WARN_ABOUT_RETURN_TYPE = YES_ERROR;
				GCC_WARN_UNDECLARED_SELECTOR = YES;
				GCC_WARN_UNINITIALIZED_AUTOS = YES_AGGRESSIVE;
				GCC_WARN_UNUSED_FUNCTION = YES;
				GCC_WARN_UNUSED_VARIABLE = YES;
				IPHONEOS_DEPLOYMENT_TARGET = 15.5;
				MTL_ENABLE_DEBUG_INFO = INCLUDE_SOURCE;
				MTL_FAST_MATH = YES;
				ONLY_ACTIVE_ARCH = YES;
				SDKROOT = iphoneos;
				SWIFT_ACTIVE_COMPILATION_CONDITIONS = DEBUG;
				SWIFT_OPTIMIZATION_LEVEL = "-Onone";
			};
			name = Debug;
		};
		40AA9FF928D8AA9A005F1263 /* Release */ = {
			isa = XCBuildConfiguration;
			buildSettings = {
				ALWAYS_SEARCH_USER_PATHS = NO;
				CLANG_ANALYZER_NONNULL = YES;
				CLANG_ANALYZER_NUMBER_OBJECT_CONVERSION = YES_AGGRESSIVE;
				CLANG_CXX_LANGUAGE_STANDARD = "gnu++17";
				CLANG_ENABLE_MODULES = YES;
				CLANG_ENABLE_OBJC_ARC = YES;
				CLANG_ENABLE_OBJC_WEAK = YES;
				CLANG_WARN_BLOCK_CAPTURE_AUTORELEASING = YES;
				CLANG_WARN_BOOL_CONVERSION = YES;
				CLANG_WARN_COMMA = YES;
				CLANG_WARN_CONSTANT_CONVERSION = YES;
				CLANG_WARN_DEPRECATED_OBJC_IMPLEMENTATIONS = YES;
				CLANG_WARN_DIRECT_OBJC_ISA_USAGE = YES_ERROR;
				CLANG_WARN_DOCUMENTATION_COMMENTS = YES;
				CLANG_WARN_EMPTY_BODY = YES;
				CLANG_WARN_ENUM_CONVERSION = YES;
				CLANG_WARN_INFINITE_RECURSION = YES;
				CLANG_WARN_INT_CONVERSION = YES;
				CLANG_WARN_NON_LITERAL_NULL_CONVERSION = YES;
				CLANG_WARN_OBJC_IMPLICIT_RETAIN_SELF = YES;
				CLANG_WARN_OBJC_LITERAL_CONVERSION = YES;
				CLANG_WARN_OBJC_ROOT_CLASS = YES_ERROR;
				CLANG_WARN_QUOTED_INCLUDE_IN_FRAMEWORK_HEADER = YES;
				CLANG_WARN_RANGE_LOOP_ANALYSIS = YES;
				CLANG_WARN_STRICT_PROTOTYPES = YES;
				CLANG_WARN_SUSPICIOUS_MOVE = YES;
				CLANG_WARN_UNGUARDED_AVAILABILITY = YES_AGGRESSIVE;
				CLANG_WARN_UNREACHABLE_CODE = YES;
				CLANG_WARN__DUPLICATE_METHOD_MATCH = YES;
				COPY_PHASE_STRIP = NO;
				DEBUG_INFORMATION_FORMAT = "dwarf-with-dsym";
				ENABLE_NS_ASSERTIONS = NO;
				ENABLE_STRICT_OBJC_MSGSEND = YES;
				GCC_C_LANGUAGE_STANDARD = gnu11;
				GCC_NO_COMMON_BLOCKS = YES;
				GCC_WARN_64_TO_32_BIT_CONVERSION = YES;
				GCC_WARN_ABOUT_RETURN_TYPE = YES_ERROR;
				GCC_WARN_UNDECLARED_SELECTOR = YES;
				GCC_WARN_UNINITIALIZED_AUTOS = YES_AGGRESSIVE;
				GCC_WARN_UNUSED_FUNCTION = YES;
				GCC_WARN_UNUSED_VARIABLE = YES;
				IPHONEOS_DEPLOYMENT_TARGET = 15.5;
				MTL_ENABLE_DEBUG_INFO = NO;
				MTL_FAST_MATH = YES;
				SDKROOT = iphoneos;
				SWIFT_COMPILATION_MODE = wholemodule;
				SWIFT_OPTIMIZATION_LEVEL = "-O";
				VALIDATE_PRODUCT = YES;
			};
			name = Release;
		};
		40AA9FFB28D8AA9A005F1263 /* Debug */ = {
			isa = XCBuildConfiguration;
			baseConfigurationReference = 72041B3C08C99B554435215D /* Pods-Everyone.debug.xcconfig */;
			buildSettings = {
				ASSETCATALOG_COMPILER_APPICON_NAME = AppIcon;
				ASSETCATALOG_COMPILER_GLOBAL_ACCENT_COLOR_NAME = AccentColor;
				CODE_SIGN_STYLE = Automatic;
				CURRENT_PROJECT_VERSION = 1;
				DEVELOPMENT_ASSET_PATHS = "\"Everyone/Preview Content\"";
				DEVELOPMENT_TEAM = WDKG7EAF8N;
				ENABLE_PREVIEWS = YES;
				GENERATE_INFOPLIST_FILE = YES;
				INFOPLIST_KEY_UIApplicationSceneManifest_Generation = YES;
				INFOPLIST_KEY_UIApplicationSupportsIndirectInputEvents = YES;
				INFOPLIST_KEY_UILaunchScreen_Generation = YES;
				INFOPLIST_KEY_UISupportedInterfaceOrientations_iPad = "UIInterfaceOrientationPortrait UIInterfaceOrientationPortraitUpsideDown UIInterfaceOrientationLandscapeLeft UIInterfaceOrientationLandscapeRight";
				INFOPLIST_KEY_UISupportedInterfaceOrientations_iPhone = "UIInterfaceOrientationPortrait UIInterfaceOrientationLandscapeLeft UIInterfaceOrientationLandscapeRight";
				LD_RUNPATH_SEARCH_PATHS = (
					"$(inherited)",
					"@executable_path/Frameworks",
				);
				MARKETING_VERSION = 1.0;
				PRODUCT_BUNDLE_IDENTIFIER = com.Molczanski.Everyone;
				PRODUCT_NAME = "$(TARGET_NAME)";
				SWIFT_EMIT_LOC_STRINGS = YES;
				SWIFT_VERSION = 5.0;
				TARGETED_DEVICE_FAMILY = "1,2";
			};
			name = Debug;
		};
		40AA9FFC28D8AA9A005F1263 /* Release */ = {
			isa = XCBuildConfiguration;
			baseConfigurationReference = C4A84D95027E71BED75D37D2 /* Pods-Everyone.release.xcconfig */;
			buildSettings = {
				ASSETCATALOG_COMPILER_APPICON_NAME = AppIcon;
				ASSETCATALOG_COMPILER_GLOBAL_ACCENT_COLOR_NAME = AccentColor;
				CODE_SIGN_STYLE = Automatic;
				CURRENT_PROJECT_VERSION = 1;
				DEVELOPMENT_ASSET_PATHS = "\"Everyone/Preview Content\"";
				DEVELOPMENT_TEAM = WDKG7EAF8N;
				ENABLE_PREVIEWS = YES;
				GENERATE_INFOPLIST_FILE = YES;
				INFOPLIST_KEY_UIApplicationSceneManifest_Generation = YES;
				INFOPLIST_KEY_UIApplicationSupportsIndirectInputEvents = YES;
				INFOPLIST_KEY_UILaunchScreen_Generation = YES;
				INFOPLIST_KEY_UISupportedInterfaceOrientations_iPad = "UIInterfaceOrientationPortrait UIInterfaceOrientationPortraitUpsideDown UIInterfaceOrientationLandscapeLeft UIInterfaceOrientationLandscapeRight";
				INFOPLIST_KEY_UISupportedInterfaceOrientations_iPhone = "UIInterfaceOrientationPortrait UIInterfaceOrientationLandscapeLeft UIInterfaceOrientationLandscapeRight";
				LD_RUNPATH_SEARCH_PATHS = (
					"$(inherited)",
					"@executable_path/Frameworks",
				);
				MARKETING_VERSION = 1.0;
				PRODUCT_BUNDLE_IDENTIFIER = com.Molczanski.Everyone;
				PRODUCT_NAME = "$(TARGET_NAME)";
				SWIFT_EMIT_LOC_STRINGS = YES;
				SWIFT_VERSION = 5.0;
				TARGETED_DEVICE_FAMILY = "1,2";
			};
			name = Release;
		};
		40AA9FFE28D8AA9A005F1263 /* Debug */ = {
			isa = XCBuildConfiguration;
			baseConfigurationReference = 80D13B1AB587BAEC8BD4C5E2 /* Pods-EveryoneTests.debug.xcconfig */;
			buildSettings = {
				ALWAYS_EMBED_SWIFT_STANDARD_LIBRARIES = YES;
				BUNDLE_LOADER = "$(TEST_HOST)";
				CODE_SIGN_STYLE = Automatic;
				CURRENT_PROJECT_VERSION = 1;
				DEVELOPMENT_TEAM = WDKG7EAF8N;
				GENERATE_INFOPLIST_FILE = YES;
				IPHONEOS_DEPLOYMENT_TARGET = 15.5;
				MARKETING_VERSION = 1.0;
				PRODUCT_BUNDLE_IDENTIFIER = com.Molczanski.EveryoneTests;
				PRODUCT_NAME = "$(TARGET_NAME)";
				SWIFT_EMIT_LOC_STRINGS = NO;
				SWIFT_VERSION = 5.0;
				TARGETED_DEVICE_FAMILY = "1,2";
				TEST_HOST = "$(BUILT_PRODUCTS_DIR)/Everyone.app/Everyone";
			};
			name = Debug;
		};
		40AA9FFF28D8AA9A005F1263 /* Release */ = {
			isa = XCBuildConfiguration;
			baseConfigurationReference = 17EA80DB946406E6669E4564 /* Pods-EveryoneTests.release.xcconfig */;
			buildSettings = {
				ALWAYS_EMBED_SWIFT_STANDARD_LIBRARIES = YES;
				BUNDLE_LOADER = "$(TEST_HOST)";
				CODE_SIGN_STYLE = Automatic;
				CURRENT_PROJECT_VERSION = 1;
				DEVELOPMENT_TEAM = WDKG7EAF8N;
				GENERATE_INFOPLIST_FILE = YES;
				IPHONEOS_DEPLOYMENT_TARGET = 15.5;
				MARKETING_VERSION = 1.0;
				PRODUCT_BUNDLE_IDENTIFIER = com.Molczanski.EveryoneTests;
				PRODUCT_NAME = "$(TARGET_NAME)";
				SWIFT_EMIT_LOC_STRINGS = NO;
				SWIFT_VERSION = 5.0;
				TARGETED_DEVICE_FAMILY = "1,2";
				TEST_HOST = "$(BUILT_PRODUCTS_DIR)/Everyone.app/Everyone";
			};
			name = Release;
		};
		40AAA00128D8AA9A005F1263 /* Debug */ = {
			isa = XCBuildConfiguration;
			baseConfigurationReference = 1AF9884F57435B109ECEF70F /* Pods-Everyone-EveryoneUITests.debug.xcconfig */;
			buildSettings = {
				ALWAYS_EMBED_SWIFT_STANDARD_LIBRARIES = YES;
				CODE_SIGN_STYLE = Automatic;
				CURRENT_PROJECT_VERSION = 1;
				DEVELOPMENT_TEAM = WDKG7EAF8N;
				GENERATE_INFOPLIST_FILE = YES;
				MARKETING_VERSION = 1.0;
				PRODUCT_BUNDLE_IDENTIFIER = com.Molczanski.EveryoneUITests;
				PRODUCT_NAME = "$(TARGET_NAME)";
				SWIFT_EMIT_LOC_STRINGS = NO;
				SWIFT_VERSION = 5.0;
				TARGETED_DEVICE_FAMILY = "1,2";
				TEST_TARGET_NAME = Everyone;
			};
			name = Debug;
		};
		40AAA00228D8AA9A005F1263 /* Release */ = {
			isa = XCBuildConfiguration;
			baseConfigurationReference = BB6CBB3352902249DD0A7C12 /* Pods-Everyone-EveryoneUITests.release.xcconfig */;
			buildSettings = {
				ALWAYS_EMBED_SWIFT_STANDARD_LIBRARIES = YES;
				CODE_SIGN_STYLE = Automatic;
				CURRENT_PROJECT_VERSION = 1;
				DEVELOPMENT_TEAM = WDKG7EAF8N;
				GENERATE_INFOPLIST_FILE = YES;
				MARKETING_VERSION = 1.0;
				PRODUCT_BUNDLE_IDENTIFIER = com.Molczanski.EveryoneUITests;
				PRODUCT_NAME = "$(TARGET_NAME)";
				SWIFT_EMIT_LOC_STRINGS = NO;
				SWIFT_VERSION = 5.0;
				TARGETED_DEVICE_FAMILY = "1,2";
				TEST_TARGET_NAME = Everyone;
			};
			name = Release;
		};
/* End XCBuildConfiguration section */

/* Begin XCConfigurationList section */
		40AA9FCC28D8AA96005F1263 /* Build configuration list for PBXProject "Everyone" */ = {
			isa = XCConfigurationList;
			buildConfigurations = (
				40AA9FF828D8AA9A005F1263 /* Debug */,
				40AA9FF928D8AA9A005F1263 /* Release */,
			);
			defaultConfigurationIsVisible = 0;
			defaultConfigurationName = Release;
		};
		40AA9FFA28D8AA9A005F1263 /* Build configuration list for PBXNativeTarget "Everyone" */ = {
			isa = XCConfigurationList;
			buildConfigurations = (
				40AA9FFB28D8AA9A005F1263 /* Debug */,
				40AA9FFC28D8AA9A005F1263 /* Release */,
			);
			defaultConfigurationIsVisible = 0;
			defaultConfigurationName = Release;
		};
		40AA9FFD28D8AA9A005F1263 /* Build configuration list for PBXNativeTarget "EveryoneTests" */ = {
			isa = XCConfigurationList;
			buildConfigurations = (
				40AA9FFE28D8AA9A005F1263 /* Debug */,
				40AA9FFF28D8AA9A005F1263 /* Release */,
			);
			defaultConfigurationIsVisible = 0;
			defaultConfigurationName = Release;
		};
		40AAA00028D8AA9A005F1263 /* Build configuration list for PBXNativeTarget "EveryoneUITests" */ = {
			isa = XCConfigurationList;
			buildConfigurations = (
				40AAA00128D8AA9A005F1263 /* Debug */,
				40AAA00228D8AA9A005F1263 /* Release */,
			);
			defaultConfigurationIsVisible = 0;
			defaultConfigurationName = Release;
		};
/* End XCConfigurationList section */

/* Begin XCVersionGroup section */
		40AA9FDF28D8AA9A005F1263 /* Everyone.xcdatamodeld */ = {
			isa = XCVersionGroup;
			children = (
				40AA9FE028D8AA9A005F1263 /* Everyone.xcdatamodel */,
			);
			currentVersion = 40AA9FE028D8AA9A005F1263 /* Everyone.xcdatamodel */;
			path = Everyone.xcdatamodeld;
			sourceTree = "<group>";
			versionGroupType = wrapper.xcdatamodel;
		};
/* End XCVersionGroup section */
	};
	rootObject = 40AA9FC928D8AA96005F1263 /* Project object */;
}
